{
  "originHash" : "7a69fe1e4ca06db0f872bd537bec522cd01fcf8a608af3baa990d4a2c935335d",
  "pins" : [
    {
      "identity" : "launchatlogin-modern",
      "kind" : "remoteSourceControl",
      "location" : "https://github.com/sindresorhus/LaunchAtLogin-Modern",
      "state" : {
        "branch" : "main",
        "revision" : "a04ec1c363be3627734f6dad757d82f5d4fa8fcc"
      }
    },
    {
      "identity" : "libmpdclient-swift",
      "kind" : "remoteSourceControl",
      "location" : "https://github.com/katoemba/libmpdclient-swift",
      "state" : {
        "branch" : "master",
        "revision" : "edb20ac42bd657da5ca55d7301beb596ddc3f128"
      }
    }
  ],
  "version" : 3
}
