{
  "originHash" : "07c24bd7f31bd763a6516618c1cd96e37e29cf71dbbff0ea4b49fd77a55cc4ad",
  "pins" : [
    {
      "identity" : "launchatlogin-modern",
      "kind" : "remoteSourceControl",
      "location" : "https://github.com/sindresorhus/LaunchAtLogin-Modern",
      "state" : {
        "branch" : "main",
        "revision" : "a04ec1c363be3627734f6dad757d82f5d4fa8fcc"
      }
    },
    {
      "identity" : "libmpdclient-swift",
      "kind" : "remoteSourceControl",
      "location" : "https://github.com/zluo01/libmpdclient-swift",
      "state" : {
        "branch" : "main",
        "revision" : "1d0377437dd46c9517c988cc30efc70efe733d33"
      }
    }
  ],
  "version" : 3
}
