{
  "pins" : [
    {
      "identity" : "launchatlogin-modern",
      "kind" : "remoteSourceControl",
      "location" : "https://github.com/sindresorhus/LaunchAtLogin-Modern",
      "state" : {
        "branch" : "main",
        "revision" : "9c41991631605c8ccfe0347bbcb5c659169f2ec5"
      }
    },
    {
      "identity" : "libmpdclient-swift",
      "kind" : "remoteSourceControl",
      "location" : "https://github.com/katoemba/libmpdclient-swift",
      "state" : {
        "branch" : "master",
        "revision" : "583c7d40bd67ac9df57120c378ade9796a90b9f6"
      }
    }
  ],
  "version" : 2
}
