// !$*UTF8*$!
{
	archiveVersion = 1;
	classes = {
	};
	objectVersion = 54;
	objects = {

/* Begin PBXBuildFile section */
		9130148226A5B42100755B7D /* Animation.swift in Sources */ = {isa = PBXBuildFile; fileRef = 9130148126A5B42100755B7D /* Animation.swift */; };
		915A7CF427A877ED00B23398 /* SettingsView.swift in Sources */ = {isa = PBXBuildFile; fileRef = 915A7CF327A877ED00B23398 /* SettingsView.swift */; };
		916AE9E32A7ECB290074452B /* libmpdclient in Frameworks */ = {isa = PBXBuildFile; productRef = 916AE9E22A7ECB290074452B /* libmpdclient */; };
		916AE9E62A7ED1C80074452B /* LaunchAtLogin in Frameworks */ = {isa = PBXBuildFile; productRef = 916AE9E52A7ED1C80074452B /* LaunchAtLogin */; };
		916AE9E82A8047890074452B /* NestedObservableObject.swift in Sources */ = {isa = PBXBuildFile; fileRef = 916AE9E72A8047890074452B /* NestedObservableObject.swift */; };
		916DB18A25AA7D84001321B5 /* AppDelegate.swift in Sources */ = {isa = PBXBuildFile; fileRef = 916DB18925AA7D84001321B5 /* AppDelegate.swift */; };
		916DB18C25AA7D84001321B5 /* PopoverView.swift in Sources */ = {isa = PBXBuildFile; fileRef = 916DB18B25AA7D84001321B5 /* PopoverView.swift */; };
		916DB18E25AA7D86001321B5 /* Assets.xcassets in Resources */ = {isa = PBXBuildFile; fileRef = 916DB18D25AA7D86001321B5 /* Assets.xcassets */; };
		91ABBCCC268A0EAD00D19910 /* Double.swift in Sources */ = {isa = PBXBuildFile; fileRef = 91ABBCCB268A0EAD00D19910 /* Double.swift */; };
		91BD538025AF8A3F0080C788 /* Player.swift in Sources */ = {isa = PBXBuildFile; fileRef = 91BD537F25AF8A3F0080C788 /* Player.swift */; };
/* End PBXBuildFile section */

/* Begin PBXFileReference section */
		9130148126A5B42100755B7D /* Animation.swift */ = {isa = PBXFileReference; lastKnownFileType = sourcecode.swift; path = Animation.swift; sourceTree = "<group>"; };
		915A7CF327A877ED00B23398 /* SettingsView.swift */ = {isa = PBXFileReference; lastKnownFileType = sourcecode.swift; path = SettingsView.swift; sourceTree = "<group>"; };
		916AE9E72A8047890074452B /* NestedObservableObject.swift */ = {isa = PBXFileReference; lastKnownFileType = sourcecode.swift; path = NestedObservableObject.swift; sourceTree = "<group>"; };
		916DB18625AA7D84001321B5 /* mmpsp.app */ = {isa = PBXFileReference; explicitFileType = wrapper.application; includeInIndex = 0; path = mmpsp.app; sourceTree = BUILT_PRODUCTS_DIR; };
		916DB18925AA7D84001321B5 /* AppDelegate.swift */ = {isa = PBXFileReference; lastKnownFileType = sourcecode.swift; path = AppDelegate.swift; sourceTree = "<group>"; };
		916DB18B25AA7D84001321B5 /* PopoverView.swift */ = {isa = PBXFileReference; lastKnownFileType = sourcecode.swift; path = PopoverView.swift; sourceTree = "<group>"; };
		916DB18D25AA7D86001321B5 /* Assets.xcassets */ = {isa = PBXFileReference; lastKnownFileType = folder.assetcatalog; path = Assets.xcassets; sourceTree = "<group>"; };
		916DB19225AA7D86001321B5 /* Info.plist */ = {isa = PBXFileReference; lastKnownFileType = text.plist.xml; path = Info.plist; sourceTree = "<group>"; };
		919E4EEC26939DBA0001B272 /* README.md */ = {isa = PBXFileReference; lastKnownFileType = net.daringfireball.markdown; path = README.md; sourceTree = "<group>"; };
		919E4EED2693AA060001B272 /* LICENSE.md */ = {isa = PBXFileReference; lastKnownFileType = net.daringfireball.markdown; path = LICENSE.md; sourceTree = "<group>"; };
		91A756A92667C4A700181D8C /* mmpsp.entitlements */ = {isa = PBXFileReference; lastKnownFileType = text.plist.entitlements; path = mmpsp.entitlements; sourceTree = "<group>"; };
		91ABBCCB268A0EAD00D19910 /* Double.swift */ = {isa = PBXFileReference; lastKnownFileType = sourcecode.swift; path = Double.swift; sourceTree = "<group>"; };
		91BD537F25AF8A3F0080C788 /* Player.swift */ = {isa = PBXFileReference; lastKnownFileType = sourcecode.swift; path = Player.swift; sourceTree = "<group>"; };
/* End PBXFileReference section */

/* Begin PBXFrameworksBuildPhase section */
		916DB18325AA7D84001321B5 /* Frameworks */ = {
			isa = PBXFrameworksBuildPhase;
			buildActionMask = 2147483647;
			files = (
				916AE9E62A7ED1C80074452B /* LaunchAtLogin in Frameworks */,
				916AE9E32A7ECB290074452B /* libmpdclient in Frameworks */,
			);
			runOnlyForDeploymentPostprocessing = 0;
		};
/* End PBXFrameworksBuildPhase section */

/* Begin PBXGroup section */
		916DB17D25AA7D84001321B5 = {
			isa = PBXGroup;
			children = (
				919E4EED2693AA060001B272 /* LICENSE.md */,
				919E4EEC26939DBA0001B272 /* README.md */,
				916DB18825AA7D84001321B5 /* mmpsp */,
				916DB18725AA7D84001321B5 /* Products */,
			);
			sourceTree = "<group>";
		};
		916DB18725AA7D84001321B5 /* Products */ = {
			isa = PBXGroup;
			children = (
				916DB18625AA7D84001321B5 /* mmpsp.app */,
			);
			name = Products;
			sourceTree = "<group>";
		};
		916DB18825AA7D84001321B5 /* mmpsp */ = {
			isa = PBXGroup;
			children = (
				91A756A92667C4A700181D8C /* mmpsp.entitlements */,
				919056ED266700D800C6096A /* Extensions */,
				916DB18925AA7D84001321B5 /* AppDelegate.swift */,
				916DB18B25AA7D84001321B5 /* PopoverView.swift */,
				915A7CF327A877ED00B23398 /* SettingsView.swift */,
				91BD537F25AF8A3F0080C788 /* Player.swift */,
				916DB18D25AA7D86001321B5 /* Assets.xcassets */,
				916DB19225AA7D86001321B5 /* Info.plist */,
			);
			path = mmpsp;
			sourceTree = "<group>";
		};
		919056ED266700D800C6096A /* Extensions */ = {
			isa = PBXGroup;
			children = (
				91ABBCCB268A0EAD00D19910 /* Double.swift */,
				9130148126A5B42100755B7D /* Animation.swift */,
				916AE9E72A8047890074452B /* NestedObservableObject.swift */,
			);
			path = Extensions;
			sourceTree = "<group>";
		};
/* End PBXGroup section */

/* Begin PBXNativeTarget section */
		916DB18525AA7D84001321B5 /* mmpsp */ = {
			isa = PBXNativeTarget;
			buildConfigurationList = 916DB19625AA7D86001321B5 /* Build configuration list for PBXNativeTarget "mmpsp" */;
			buildPhases = (
				916DB18225AA7D84001321B5 /* Sources */,
				916DB18325AA7D84001321B5 /* Frameworks */,
				916DB18425AA7D84001321B5 /* Resources */,
			);
			buildRules = (
			);
			dependencies = (
			);
			name = mmpsp;
			packageProductDependencies = (
				916AE9E22A7ECB290074452B /* libmpdclient */,
				916AE9E52A7ED1C80074452B /* LaunchAtLogin */,
			);
			productName = mpdPopup;
			productReference = 916DB18625AA7D84001321B5 /* mmpsp.app */;
			productType = "com.apple.product-type.application";
		};
/* End PBXNativeTarget section */

/* Begin PBXProject section */
		916DB17E25AA7D84001321B5 /* Project object */ = {
			isa = PBXProject;
			attributes = {
				BuildIndependentTargetsInParallel = YES;
				LastSwiftUpdateCheck = 1230;
				LastUpgradeCheck = 1430;
				TargetAttributes = {
					916DB18525AA7D84001321B5 = {
						CreatedOnToolsVersion = 12.3;
					};
				};
			};
			buildConfigurationList = 916DB18125AA7D84001321B5 /* Build configuration list for PBXProject "mmpsp" */;
			compatibilityVersion = "Xcode 12.0";
			developmentRegion = en;
			hasScannedForEncodings = 0;
			knownRegions = (
				en,
				Base,
			);
			mainGroup = 916DB17D25AA7D84001321B5;
			packageReferences = (
				916AE9E12A7ECB290074452B /* XCRemoteSwiftPackageReference "libmpdclient-swift" */,
				916AE9E42A7ED1C70074452B /* XCRemoteSwiftPackageReference "LaunchAtLogin-Modern" */,
			);
			productRefGroup = 916DB18725AA7D84001321B5 /* Products */;
			projectDirPath = "";
			projectRoot = "";
			targets = (
				916DB18525AA7D84001321B5 /* mmpsp */,
			);
		};
/* End PBXProject section */

/* Begin PBXResourcesBuildPhase section */
		916DB18425AA7D84001321B5 /* Resources */ = {
			isa = PBXResourcesBuildPhase;
			buildActionMask = 2147483647;
			files = (
				916DB18E25AA7D86001321B5 /* Assets.xcassets in Resources */,
			);
			runOnlyForDeploymentPostprocessing = 0;
		};
/* End PBXResourcesBuildPhase section */

/* Begin PBXSourcesBuildPhase section */
		916DB18225AA7D84001321B5 /* Sources */ = {
			isa = PBXSourcesBuildPhase;
			buildActionMask = 2147483647;
			files = (
				916DB18C25AA7D84001321B5 /* PopoverView.swift in Sources */,
				916DB18A25AA7D84001321B5 /* AppDelegate.swift in Sources */,
				915A7CF427A877ED00B23398 /* SettingsView.swift in Sources */,
				91BD538025AF8A3F0080C788 /* Player.swift in Sources */,
				9130148226A5B42100755B7D /* Animation.swift in Sources */,
				916AE9E82A8047890074452B /* NestedObservableObject.swift in Sources */,
				91ABBCCC268A0EAD00D19910 /* Double.swift in Sources */,
			);
			runOnlyForDeploymentPostprocessing = 0;
		};
/* End PBXSourcesBuildPhase section */

/* Begin XCBuildConfiguration section */
		916DB19425AA7D86001321B5 /* Debug */ = {
			isa = XCBuildConfiguration;
			buildSettings = {
				ALWAYS_SEARCH_USER_PATHS = NO;
				CLANG_ANALYZER_NONNULL = YES;
				CLANG_ANALYZER_NUMBER_OBJECT_CONVERSION = YES_AGGRESSIVE;
				CLANG_CXX_LANGUAGE_STANDARD = "c++20";
				CLANG_CXX_LIBRARY = "libc++";
				CLANG_ENABLE_MODULES = YES;
				CLANG_ENABLE_OBJC_ARC = YES;
				CLANG_ENABLE_OBJC_WEAK = YES;
				CLANG_WARN_BLOCK_CAPTURE_AUTORELEASING = YES;
				CLANG_WARN_BOOL_CONVERSION = YES;
				CLANG_WARN_COMMA = YES;
				CLANG_WARN_CONSTANT_CONVERSION = YES;
				CLANG_WARN_DEPRECATED_OBJC_IMPLEMENTATIONS = YES;
				CLANG_WARN_DIRECT_OBJC_ISA_USAGE = YES_ERROR;
				CLANG_WARN_DOCUMENTATION_COMMENTS = YES;
				CLANG_WARN_EMPTY_BODY = YES;
				CLANG_WARN_ENUM_CONVERSION = YES;
				CLANG_WARN_INFINITE_RECURSION = YES;
				CLANG_WARN_INT_CONVERSION = YES;
				CLANG_WARN_NON_LITERAL_NULL_CONVERSION = YES;
				CLANG_WARN_OBJC_IMPLICIT_RETAIN_SELF = YES;
				CLANG_WARN_OBJC_LITERAL_CONVERSION = YES;
				CLANG_WARN_OBJC_ROOT_CLASS = YES_ERROR;
				CLANG_WARN_QUOTED_INCLUDE_IN_FRAMEWORK_HEADER = YES;
				CLANG_WARN_RANGE_LOOP_ANALYSIS = YES;
				CLANG_WARN_STRICT_PROTOTYPES = YES;
				CLANG_WARN_SUSPICIOUS_MOVE = YES;
				CLANG_WARN_UNGUARDED_AVAILABILITY = YES_AGGRESSIVE;
				CLANG_WARN_UNREACHABLE_CODE = YES;
				CLANG_WARN__DUPLICATE_METHOD_MATCH = YES;
				COPY_PHASE_STRIP = NO;
				DEAD_CODE_STRIPPING = YES;
				DEBUG_INFORMATION_FORMAT = dwarf;
				ENABLE_STRICT_OBJC_MSGSEND = YES;
				ENABLE_TESTABILITY = YES;
				GCC_C_LANGUAGE_STANDARD = c11;
				GCC_DYNAMIC_NO_PIC = YES;
				GCC_NO_COMMON_BLOCKS = YES;
				GCC_OPTIMIZATION_LEVEL = 0;
				GCC_PREPROCESSOR_DEFINITIONS = (
					"DEBUG=1",
					"$(inherited)",
				);
				GCC_WARN_64_TO_32_BIT_CONVERSION = YES;
				GCC_WARN_ABOUT_RETURN_TYPE = YES_ERROR;
				GCC_WARN_UNDECLARED_SELECTOR = YES;
				GCC_WARN_UNINITIALIZED_AUTOS = YES_AGGRESSIVE;
				GCC_WARN_UNUSED_FUNCTION = YES;
				GCC_WARN_UNUSED_VARIABLE = YES;
				MACOSX_DEPLOYMENT_TARGET = 13.3;
				MTL_ENABLE_DEBUG_INFO = INCLUDE_SOURCE;
				MTL_FAST_MATH = YES;
				ONLY_ACTIVE_ARCH = YES;
				SDKROOT = macosx;
				SKIP_INSTALL = NO;
				SWIFT_ACTIVE_COMPILATION_CONDITIONS = DEBUG;
				SWIFT_OPTIMIZATION_LEVEL = "-Onone";
			};
			name = Debug;
		};
		916DB19525AA7D86001321B5 /* Release */ = {
			isa = XCBuildConfiguration;
			buildSettings = {
				ALWAYS_SEARCH_USER_PATHS = NO;
				CLANG_ANALYZER_NONNULL = YES;
				CLANG_ANALYZER_NUMBER_OBJECT_CONVERSION = YES_AGGRESSIVE;
				CLANG_CXX_LANGUAGE_STANDARD = "c++20";
				CLANG_CXX_LIBRARY = "libc++";
				CLANG_ENABLE_MODULES = YES;
				CLANG_ENABLE_OBJC_ARC = YES;
				CLANG_ENABLE_OBJC_WEAK = YES;
				CLANG_WARN_BLOCK_CAPTURE_AUTORELEASING = YES;
				CLANG_WARN_BOOL_CONVERSION = YES;
				CLANG_WARN_COMMA = YES;
				CLANG_WARN_CONSTANT_CONVERSION = YES;
				CLANG_WARN_DEPRECATED_OBJC_IMPLEMENTATIONS = YES;
				CLANG_WARN_DIRECT_OBJC_ISA_USAGE = YES_ERROR;
				CLANG_WARN_DOCUMENTATION_COMMENTS = YES;
				CLANG_WARN_EMPTY_BODY = YES;
				CLANG_WARN_ENUM_CONVERSION = YES;
				CLANG_WARN_INFINITE_RECURSION = YES;
				CLANG_WARN_INT_CONVERSION = YES;
				CLANG_WARN_NON_LITERAL_NULL_CONVERSION = YES;
				CLANG_WARN_OBJC_IMPLICIT_RETAIN_SELF = YES;
				CLANG_WARN_OBJC_LITERAL_CONVERSION = YES;
				CLANG_WARN_OBJC_ROOT_CLASS = YES_ERROR;
				CLANG_WARN_QUOTED_INCLUDE_IN_FRAMEWORK_HEADER = YES;
				CLANG_WARN_RANGE_LOOP_ANALYSIS = YES;
				CLANG_WARN_STRICT_PROTOTYPES = YES;
				CLANG_WARN_SUSPICIOUS_MOVE = YES;
				CLANG_WARN_UNGUARDED_AVAILABILITY = YES_AGGRESSIVE;
				CLANG_WARN_UNREACHABLE_CODE = YES;
				CLANG_WARN__DUPLICATE_METHOD_MATCH = YES;
				COPY_PHASE_STRIP = NO;
				DEAD_CODE_STRIPPING = YES;
				DEBUG_INFORMATION_FORMAT = "dwarf-with-dsym";
				ENABLE_NS_ASSERTIONS = NO;
				ENABLE_STRICT_OBJC_MSGSEND = YES;
				GCC_C_LANGUAGE_STANDARD = c11;
				GCC_DYNAMIC_NO_PIC = YES;
				GCC_NO_COMMON_BLOCKS = YES;
				GCC_OPTIMIZATION_LEVEL = 3;
				GCC_WARN_64_TO_32_BIT_CONVERSION = YES;
				GCC_WARN_ABOUT_RETURN_TYPE = YES_ERROR;
				GCC_WARN_UNDECLARED_SELECTOR = YES;
				GCC_WARN_UNINITIALIZED_AUTOS = YES_AGGRESSIVE;
				GCC_WARN_UNUSED_FUNCTION = YES;
				GCC_WARN_UNUSED_VARIABLE = YES;
				MACOSX_DEPLOYMENT_TARGET = 13.3;
				MTL_ENABLE_DEBUG_INFO = NO;
				MTL_FAST_MATH = YES;
				ONLY_ACTIVE_ARCH = NO;
				SDKROOT = macosx;
				SKIP_INSTALL = NO;
				SWIFT_COMPILATION_MODE = wholemodule;
				SWIFT_OPTIMIZATION_LEVEL = "-O";
			};
			name = Release;
		};
		916DB19725AA7D86001321B5 /* Debug */ = {
			isa = XCBuildConfiguration;
			buildSettings = {
				ASSETCATALOG_COMPILER_APPICON_NAME = AppIcon;
				ASSETCATALOG_COMPILER_GLOBAL_ACCENT_COLOR_NAME = AccentColor;
				CODE_SIGN_ENTITLEMENTS = mmpsp/mmpsp.entitlements;
				CODE_SIGN_IDENTITY = "Apple Development";
				"CODE_SIGN_IDENTITY[sdk=macosx*]" = "-";
				CODE_SIGN_STYLE = Automatic;
				COMBINE_HIDPI_IMAGES = YES;
				DEAD_CODE_STRIPPING = YES;
				DEVELOPMENT_ASSET_PATHS = "";
				DEVELOPMENT_TEAM = 9Y37TMD63Q;
				ENABLE_HARDENED_RUNTIME = YES;
				ENABLE_PREVIEWS = NO;
				INFOPLIST_FILE = mmpsp/Info.plist;
				INFOPLIST_KEY_LSApplicationCategoryType = "public.app-category.music";
				LD_RUNPATH_SEARCH_PATHS = (
					"$(inherited)",
					"@executable_path/../Frameworks",
				);
				MACOSX_DEPLOYMENT_TARGET = 13.3;
				ONLY_ACTIVE_ARCH = YES;
				PRODUCT_BUNDLE_IDENTIFIER = com.camille.mmpsp;
				PRODUCT_NAME = "$(TARGET_NAME)";
				PROVISIONING_PROFILE_SPECIFIER = "";
				SWIFT_VERSION = 5.0;
			};
			name = Debug;
		};
		916DB19825AA7D86001321B5 /* Release */ = {
			isa = XCBuildConfiguration;
			buildSettings = {
				ASSETCATALOG_COMPILER_APPICON_NAME = AppIcon;
				ASSETCATALOG_COMPILER_GLOBAL_ACCENT_COLOR_NAME = AccentColor;
				CODE_SIGN_ENTITLEMENTS = mmpsp/mmpsp.entitlements;
				CODE_SIGN_IDENTITY = "Apple Development";
				"CODE_SIGN_IDENTITY[sdk=macosx*]" = "-";
				CODE_SIGN_STYLE = Automatic;
				COMBINE_HIDPI_IMAGES = YES;
				DEAD_CODE_STRIPPING = YES;
				DEVELOPMENT_ASSET_PATHS = "";
				DEVELOPMENT_TEAM = 9Y37TMD63Q;
				ENABLE_HARDENED_RUNTIME = YES;
				ENABLE_PREVIEWS = NO;
				INFOPLIST_FILE = mmpsp/Info.plist;
				INFOPLIST_KEY_LSApplicationCategoryType = "public.app-category.music";
				LD_RUNPATH_SEARCH_PATHS = (
					"$(inherited)",
					"@executable_path/../Frameworks",
				);
				MACOSX_DEPLOYMENT_TARGET = 13.3;
				ONLY_ACTIVE_ARCH = NO;
				PRODUCT_BUNDLE_IDENTIFIER = com.camille.mmpsp;
				PRODUCT_NAME = "$(TARGET_NAME)";
				PROVISIONING_PROFILE_SPECIFIER = "";
				SWIFT_VERSION = 5.0;
			};
			name = Release;
		};
/* End XCBuildConfiguration section */

/* Begin XCConfigurationList section */
		916DB18125AA7D84001321B5 /* Build configuration list for PBXProject "mmpsp" */ = {
			isa = XCConfigurationList;
			buildConfigurations = (
				916DB19425AA7D86001321B5 /* Debug */,
				916DB19525AA7D86001321B5 /* Release */,
			);
			defaultConfigurationIsVisible = 0;
			defaultConfigurationName = Release;
		};
		916DB19625AA7D86001321B5 /* Build configuration list for PBXNativeTarget "mmpsp" */ = {
			isa = XCConfigurationList;
			buildConfigurations = (
				916DB19725AA7D86001321B5 /* Debug */,
				916DB19825AA7D86001321B5 /* Release */,
			);
			defaultConfigurationIsVisible = 0;
			defaultConfigurationName = Release;
		};
/* End XCConfigurationList section */

/* Begin XCRemoteSwiftPackageReference section */
		916AE9E12A7ECB290074452B /* XCRemoteSwiftPackageReference "libmpdclient-swift" */ = {
			isa = XCRemoteSwiftPackageReference;
			repositoryURL = "https://github.com/katoemba/libmpdclient-swift";
			requirement = {
				branch = master;
				kind = branch;
			};
		};
		916AE9E42A7ED1C70074452B /* XCRemoteSwiftPackageReference "LaunchAtLogin-Modern" */ = {
			isa = XCRemoteSwiftPackageReference;
			repositoryURL = "https://github.com/sindresorhus/LaunchAtLogin-Modern";
			requirement = {
				branch = main;
				kind = branch;
			};
		};
/* End XCRemoteSwiftPackageReference section */

/* Begin XCSwiftPackageProductDependency section */
		916AE9E22A7ECB290074452B /* libmpdclient */ = {
			isa = XCSwiftPackageProductDependency;
			package = 916AE9E12A7ECB290074452B /* XCRemoteSwiftPackageReference "libmpdclient-swift" */;
			productName = libmpdclient;
		};
		916AE9E52A7ED1C80074452B /* LaunchAtLogin */ = {
			isa = XCSwiftPackageProductDependency;
			package = 916AE9E42A7ED1C70074452B /* XCRemoteSwiftPackageReference "LaunchAtLogin-Modern" */;
			productName = LaunchAtLogin;
		};
/* End XCSwiftPackageProductDependency section */
	};
	rootObject = 916DB17E25AA7D84001321B5 /* Project object */;
}
